
Microsoft Visual Studio Solution File, Format Version 12.00
# Visual Studio 14
VisualStudioVersion = 14.0.25420.1
MinimumVisualStudioVersion = 10.0.40219.1
Project("{FAE04EC0-301F-11D3-BF4B-00C04F79EFBC}") = "EightPuzzle", "EightPuzzle\EightPuzzle.csproj", "{6BF00376-278F-4075-BD32-5A70D60A1835}"
EndProject
Project("{FAE04EC0-301F-11D3-BF4B-00C04F79EFBC}") = "EightPuzzle.lib", "EightPuzzle.lib\EightPuzzle.lib.csproj", "{36ED3EE0-968E-4656-B891-EECD2C83A85D}"
EndProject
Global
	GlobalSection(SolutionConfigurationPlatforms) = preSolution
		Debug|Any CPU = Debug|Any CPU
		Release|Any CPU = Release|Any CPU
	EndGlobalSection
	GlobalSection(ProjectConfigurationPlatforms) = postSolution
		{6BF00376-278F-4075-BD32-5A70D60A1835}.Debug|Any CPU.ActiveCfg = Debug|Any CPU
		{6BF00376-278F-4075-BD32-5A70D60A1835}.Debug|Any CPU.Build.0 = Debug|Any CPU
		{6BF00376-278F-4075-BD32-5A70D60A1835}.Release|Any CPU.ActiveCfg = Release|Any CPU
		{6BF00376-278F-4075-BD32-5A70D60A1835}.Release|Any CPU.Build.0 = Release|Any CPU
		{36ED3EE0-968E-4656-B891-EECD2C83A85D}.Debug|Any CPU.ActiveCfg = Debug|Any CPU
		{36ED3EE0-968E-4656-B891-EECD2C83A85D}.Debug|Any CPU.Build.0 = Debug|Any CPU
		{36ED3EE0-968E-4656-B891-EECD2C83A85D}.Release|Any CPU.ActiveCfg = Release|Any CPU
		{36ED3EE0-968E-4656-B891-EECD2C83A85D}.Release|Any CPU.Build.0 = Release|Any CPU
	EndGlobalSection
	GlobalSection(SolutionProperties) = preSolution
		HideSolutionNode = FALSE
	EndGlobalSection
EndGlobal
